
Microsoft Visual Studio Solution File, Format Version 12.00
# Visual Studio Version 16
VisualStudioVersion = 16.0.30804.86
MinimumVisualStudioVersion = 10.0.40219.1
Project("{9A19103F-16F7-4668-BE54-9A1E7A4F7556}") = "Sukoa", "Sukoa.csproj", "{94DC87F1-C1FF-4A1D-A89C-3C590164E554}"
EndProject
Project("{9A19103F-16F7-4668-BE54-9A1E7A4F7556}") = "MIDIModificationFramework", "externals\MIDIModificationFramework\MIDIModificationFramework.csproj", "{59FEC78C-8A55-4EB1-9E99-183EFE6FDF73}"
EndProject
Project("{2150E333-8FDC-42A3-9474-1A3956D46DE8}") = "Solution Items", "Solution Items", "{1BE58217-8148-4DCE-914B-93848C9651F5}"
	ProjectSection(SolutionItems) = preProject
		.editorconfig = .editorconfig
	EndProjectSection
EndProject
Project("{9A19103F-16F7-4668-BE54-9A1E7A4F7556}") = "ImGui.NET", "externals\ImGui.NET\src\ImGui.NET\ImGui.NET.csproj", "{7E21C602-8C92-478D-B0D7-95A21B762DB2}"
EndProject
Global
	GlobalSection(SolutionConfigurationPlatforms) = preSolution
		Debug|Any CPU = Debug|Any CPU
		Debug|x64 = Debug|x64
		Release|Any CPU = Release|Any CPU
		Release|x64 = Release|x64
	EndGlobalSection
	GlobalSection(ProjectConfigurationPlatforms) = postSolution
		{94DC87F1-C1FF-4A1D-A89C-3C590164E554}.Debug|Any CPU.ActiveCfg = Debug|Any CPU
		{94DC87F1-C1FF-4A1D-A89C-3C590164E554}.Debug|Any CPU.Build.0 = Debug|Any CPU
		{94DC87F1-C1FF-4A1D-A89C-3C590164E554}.Debug|x64.ActiveCfg = Debug|x64
		{94DC87F1-C1FF-4A1D-A89C-3C590164E554}.Debug|x64.Build.0 = Debug|x64
		{94DC87F1-C1FF-4A1D-A89C-3C590164E554}.Release|Any CPU.ActiveCfg = Release|Any CPU
		{94DC87F1-C1FF-4A1D-A89C-3C590164E554}.Release|Any CPU.Build.0 = Release|Any CPU
		{94DC87F1-C1FF-4A1D-A89C-3C590164E554}.Release|x64.ActiveCfg = Release|x64
		{94DC87F1-C1FF-4A1D-A89C-3C590164E554}.Release|x64.Build.0 = Release|x64
		{59FEC78C-8A55-4EB1-9E99-183EFE6FDF73}.Debug|Any CPU.ActiveCfg = Debug|Any CPU
		{59FEC78C-8A55-4EB1-9E99-183EFE6FDF73}.Debug|Any CPU.Build.0 = Debug|Any CPU
		{59FEC78C-8A55-4EB1-9E99-183EFE6FDF73}.Debug|x64.ActiveCfg = Debug|x64
		{59FEC78C-8A55-4EB1-9E99-183EFE6FDF73}.Debug|x64.Build.0 = Debug|x64
		{59FEC78C-8A55-4EB1-9E99-183EFE6FDF73}.Release|Any CPU.ActiveCfg = Release|Any CPU
		{59FEC78C-8A55-4EB1-9E99-183EFE6FDF73}.Release|Any CPU.Build.0 = Release|Any CPU
		{59FEC78C-8A55-4EB1-9E99-183EFE6FDF73}.Release|x64.ActiveCfg = Release|x64
		{59FEC78C-8A55-4EB1-9E99-183EFE6FDF73}.Release|x64.Build.0 = Release|x64
		{7E21C602-8C92-478D-B0D7-95A21B762DB2}.Debug|Any CPU.ActiveCfg = Debug|Any CPU
		{7E21C602-8C92-478D-B0D7-95A21B762DB2}.Debug|Any CPU.Build.0 = Debug|Any CPU
		{7E21C602-8C92-478D-B0D7-95A21B762DB2}.Debug|x64.ActiveCfg = Debug|Any CPU
		{7E21C602-8C92-478D-B0D7-95A21B762DB2}.Debug|x64.Build.0 = Debug|Any CPU
		{7E21C602-8C92-478D-B0D7-95A21B762DB2}.Release|Any CPU.ActiveCfg = Release|Any CPU
		{7E21C602-8C92-478D-B0D7-95A21B762DB2}.Release|Any CPU.Build.0 = Release|Any CPU
		{7E21C602-8C92-478D-B0D7-95A21B762DB2}.Release|x64.ActiveCfg = Release|Any CPU
		{7E21C602-8C92-478D-B0D7-95A21B762DB2}.Release|x64.Build.0 = Release|Any CPU
	EndGlobalSection
	GlobalSection(SolutionProperties) = preSolution
		HideSolutionNode = FALSE
	EndGlobalSection
	GlobalSection(ExtensibilityGlobals) = postSolution
		SolutionGuid = {A023FDDA-07CA-446D-ABF3-60625F39E70C}
	EndGlobalSection
EndGlobal
